# This file is generated by running "yarn install" inside your project.
# Manual changes might be lost - proceed with caution!

__metadata:
  version: 8
  cacheKey: 10c0

"@nestjs/config@npm:^4.0.2":
  version: 4.0.2
  resolution: "@nestjs/config@npm:4.0.2"
  dependencies:
    dotenv: "npm:16.4.7"
    dotenv-expand: "npm:12.0.1"
    lodash: "npm:4.17.21"
  peerDependencies:
    "@nestjs/common": ^10.0.0 || ^11.0.0
    rxjs: ^7.1.0
  checksum: 10c0/549bc8d784f68742c8020954be250639cd8d37a0dd233d01ebe511f67268e5fd109ffb1ae546ca9792a8484ef4cbb79374ae7e2a9587f59b13db1e9a16d443d6
  languageName: node
  linkType: hard

"dotenv-expand@npm:12.0.1":
  version: 12.0.1
  resolution: "dotenv-expand@npm:12.0.1"
  dependencies:
    dotenv: "npm:^16.4.5"
  checksum: 10c0/51996bfa670073d7a441b8fbed26ac991026fba2c05e9a937a898ce7d2a2e7166f7b6ec4eb8879e576defb5d1ad399ed1300db8f803d6977577fea55b4d82dac
  languageName: node
  linkType: hard

"dotenv@npm:16.4.7":
  version: 16.4.7
  resolution: "dotenv@npm:16.4.7"
  checksum: 10c0/be9f597e36a8daf834452daa1f4cc30e5375a5968f98f46d89b16b983c567398a330580c88395069a77473943c06b877d1ca25b4afafcdd6d4adb549e8293462
  languageName: node
  linkType: hard

"dotenv@npm:^16.4.5":
  version: 16.6.1
  resolution: "dotenv@npm:16.6.1"
  checksum: 10c0/15ce56608326ea0d1d9414a5c8ee6dcf0fffc79d2c16422b4ac2268e7e2d76ff5a572d37ffe747c377de12005f14b3cc22361e79fc7f1061cce81f77d2c973dc
  languageName: node
  linkType: hard

"ejercicio-1@workspace:.":
  version: 0.0.0-use.local
  resolution: "ejercicio-1@workspace:."
  dependencies:
    "@nestjs/config": "npm:^4.0.2"
  languageName: unknown
  linkType: soft

"lodash@npm:4.17.21":
  version: 4.17.21
  resolution: "lodash@npm:4.17.21"
  checksum: 10c0/d8cbea072bb08655bb4c989da418994b073a608dffa608b09ac04b43a791b12aeae7cd7ad919aa4c925f33b48490b5cfe6c1f71d827956071dae2e7bb3a6b74c
  languageName: node
  linkType: hard
